
Microsoft Visual Studio Solution File, Format Version 12.00
# Visual Studio Version 17
VisualStudioVersion = 17.12.35514.174 d17.12
MinimumVisualStudioVersion = 10.0.40219.1
Project("{FAE04EC0-301F-11D3-BF4B-00C04F79EFBC}") = "GUI", "GUI\GUI.csproj", "{98D7E1B6-B1D0-4262-B2DF-3A5323403159}"
EndProject
Project("{FAE04EC0-301F-11D3-BF4B-00C04F79EFBC}") = "BLL", "BLL\BLL.csproj", "{EC3A4BAA-D115-4B1F-A696-D400372E8B0C}"
EndProject
Project("{FAE04EC0-301F-11D3-BF4B-00C04F79EFBC}") = "DTO", "DTO\DTO.csproj", "{D1698BDC-BDA7-4198-A61F-DBFAB2191D5E}"
EndProject
Project("{FAE04EC0-301F-11D3-BF4B-00C04F79EFBC}") = "DAL", "DAL\DAL.csproj", "{DD7737EF-83FA-4355-A717-A5EBB3945267}"
EndProject
Global
	GlobalSection(SolutionConfigurationPlatforms) = preSolution
		Debug|Any CPU = Debug|Any CPU
		Release|Any CPU = Release|Any CPU
	EndGlobalSection
	GlobalSection(ProjectConfigurationPlatforms) = postSolution
		{98D7E1B6-B1D0-4262-B2DF-3A5323403159}.Debug|Any CPU.ActiveCfg = Debug|Any CPU
		{98D7E1B6-B1D0-4262-B2DF-3A5323403159}.Debug|Any CPU.Build.0 = Debug|Any CPU
		{98D7E1B6-B1D0-4262-B2DF-3A5323403159}.Release|Any CPU.ActiveCfg = Release|Any CPU
		{98D7E1B6-B1D0-4262-B2DF-3A5323403159}.Release|Any CPU.Build.0 = Release|Any CPU
		{EC3A4BAA-D115-4B1F-A696-D400372E8B0C}.Debug|Any CPU.ActiveCfg = Debug|Any CPU
		{EC3A4BAA-D115-4B1F-A696-D400372E8B0C}.Debug|Any CPU.Build.0 = Debug|Any CPU
		{EC3A4BAA-D115-4B1F-A696-D400372E8B0C}.Release|Any CPU.ActiveCfg = Release|Any CPU
		{EC3A4BAA-D115-4B1F-A696-D400372E8B0C}.Release|Any CPU.Build.0 = Release|Any CPU
		{D1698BDC-BDA7-4198-A61F-DBFAB2191D5E}.Debug|Any CPU.ActiveCfg = Debug|Any CPU
		{D1698BDC-BDA7-4198-A61F-DBFAB2191D5E}.Debug|Any CPU.Build.0 = Debug|Any CPU
		{D1698BDC-BDA7-4198-A61F-DBFAB2191D5E}.Release|Any CPU.ActiveCfg = Release|Any CPU
		{D1698BDC-BDA7-4198-A61F-DBFAB2191D5E}.Release|Any CPU.Build.0 = Release|Any CPU
		{DD7737EF-83FA-4355-A717-A5EBB3945267}.Debug|Any CPU.ActiveCfg = Debug|Any CPU
		{DD7737EF-83FA-4355-A717-A5EBB3945267}.Debug|Any CPU.Build.0 = Debug|Any CPU
		{DD7737EF-83FA-4355-A717-A5EBB3945267}.Release|Any CPU.ActiveCfg = Release|Any CPU
		{DD7737EF-83FA-4355-A717-A5EBB3945267}.Release|Any CPU.Build.0 = Release|Any CPU
	EndGlobalSection
	GlobalSection(SolutionProperties) = preSolution
		HideSolutionNode = FALSE
	EndGlobalSection
EndGlobal
